
Microsoft Visual Studio Solution File, Format Version 12.00
# Visual Studio Version 17
VisualStudioVersion = 17.7.33906.173
MinimumVisualStudioVersion = 10.0.40219.1
Project("{9A19103F-16F7-4668-BE54-9A1E7A4F7556}") = "YetAnotherLosslessCutter", "YetAnotherLosslessCutter\YetAnotherLosslessCutter.csproj", "{F2952605-8C12-41FB-9DC5-912044470BC6}"
EndProject
Project("{2150E333-8FDC-42A3-9474-1A3956D46DE8}") = "Solution Items", "Solution Items", "{5C7BDB1A-5C7B-4BB8-8340-0B01F6B9E9DB}"
	ProjectSection(SolutionItems) = preProject
		.editorconfig = .editorconfig
	EndProjectSection
EndProject
Global
	GlobalSection(SolutionConfigurationPlatforms) = preSolution
		Debug|Any CPU = Debug|Any CPU
		Release|Any CPU = Release|Any CPU
	EndGlobalSection
	GlobalSection(ProjectConfigurationPlatforms) = postSolution
		{F2952605-8C12-41FB-9DC5-912044470BC6}.Debug|Any CPU.ActiveCfg = Debug|Any CPU
		{F2952605-8C12-41FB-9DC5-912044470BC6}.Debug|Any CPU.Build.0 = Debug|Any CPU
		{F2952605-8C12-41FB-9DC5-912044470BC6}.Release|Any CPU.ActiveCfg = Release|Any CPU
		{F2952605-8C12-41FB-9DC5-912044470BC6}.Release|Any CPU.Build.0 = Release|Any CPU
	EndGlobalSection
	GlobalSection(SolutionProperties) = preSolution
		HideSolutionNode = FALSE
	EndGlobalSection
	GlobalSection(ExtensibilityGlobals) = postSolution
		SolutionGuid = {25ADA3D0-B25B-45ED-9251-D5A552A87979}
	EndGlobalSection
EndGlobal
